
Microsoft Visual Studio Solution File, Format Version 12.00
# Visual Studio 15
VisualStudioVersion = 15.0.27004.2010
MinimumVisualStudioVersion = 10.0.40219.1
Project("{FAE04EC0-301F-11D3-BF4B-00C04F79EFBC}") = "BinPacker", "BinPacker\BinPacker.csproj", "{8600D7A4-73C9-46DD-ABE0-57FFE74D7092}"
EndProject
Global
	GlobalSection(SolutionConfigurationPlatforms) = preSolution
		Debug|Any CPU = Debug|Any CPU
		Release|Any CPU = Release|Any CPU
	EndGlobalSection
	GlobalSection(ProjectConfigurationPlatforms) = postSolution
		{8600D7A4-73C9-46DD-ABE0-57FFE74D7092}.Debug|Any CPU.ActiveCfg = Debug|Any CPU
		{8600D7A4-73C9-46DD-ABE0-57FFE74D7092}.Debug|Any CPU.Build.0 = Debug|Any CPU
		{8600D7A4-73C9-46DD-ABE0-57FFE74D7092}.Release|Any CPU.ActiveCfg = Release|Any CPU
		{8600D7A4-73C9-46DD-ABE0-57FFE74D7092}.Release|Any CPU.Build.0 = Release|Any CPU
	EndGlobalSection
	GlobalSection(SolutionProperties) = preSolution
		HideSolutionNode = FALSE
	EndGlobalSection
	GlobalSection(ExtensibilityGlobals) = postSolution
		SolutionGuid = {C9498A61-60AB-444D-9A99-E50217985157}
	EndGlobalSection
EndGlobal
