
Microsoft Visual Studio Solution File, Format Version 12.00
# Visual Studio Version 16
VisualStudioVersion = 16.0.30225.117
MinimumVisualStudioVersion = 10.0.40219.1
Project("{FAE04EC0-301F-11D3-BF4B-00C04F79EFBC}") = "Junkbot", "Junkbot\Junkbot.csproj", "{95B88154-68A8-4519-A43C-0FFD5184687F}"
	ProjectSection(ProjectDependencies) = postProject
		{827DBEC3-A270-4273-B69D-194A466BD35B} = {827DBEC3-A270-4273-B69D-194A466BD35B}
	EndProjectSection
EndProject
Project("{FAE04EC0-301F-11D3-BF4B-00C04F79EFBC}") = "Rzxe", "..\submodules\Rzxe\src\lib\Rzxe\Rzxe.csproj", "{827DBEC3-A270-4273-B69D-194A466BD35B}"
EndProject
Project("{FAE04EC0-301F-11D3-BF4B-00C04F79EFBC}") = "Pencil.Gaming", "..\submodules\Rzxe\submodules\Pencil.Gaming\Pencil.Gaming\Pencil.Gaming.csproj", "{DDB6DB6D-E5DE-4BDB-8AC8-26DF800E9FF0}"
EndProject
Global
	GlobalSection(SolutionConfigurationPlatforms) = preSolution
		Compatibility-GLFW2|Any CPU = Compatibility-GLFW2|Any CPU
		Compatibility-GLFW3|Any CPU = Compatibility-GLFW3|Any CPU
		Core-GLFW2|Any CPU = Core-GLFW2|Any CPU
		Core-GLFW3|Any CPU = Core-GLFW3|Any CPU
		Debug|Any CPU = Debug|Any CPU
		Release|Any CPU = Release|Any CPU
	EndGlobalSection
	GlobalSection(ProjectConfigurationPlatforms) = postSolution
		{95B88154-68A8-4519-A43C-0FFD5184687F}.Compatibility-GLFW2|Any CPU.ActiveCfg = Release|Any CPU
		{95B88154-68A8-4519-A43C-0FFD5184687F}.Compatibility-GLFW2|Any CPU.Build.0 = Release|Any CPU
		{95B88154-68A8-4519-A43C-0FFD5184687F}.Compatibility-GLFW3|Any CPU.ActiveCfg = Release|Any CPU
		{95B88154-68A8-4519-A43C-0FFD5184687F}.Compatibility-GLFW3|Any CPU.Build.0 = Release|Any CPU
		{95B88154-68A8-4519-A43C-0FFD5184687F}.Core-GLFW2|Any CPU.ActiveCfg = Release|Any CPU
		{95B88154-68A8-4519-A43C-0FFD5184687F}.Core-GLFW2|Any CPU.Build.0 = Release|Any CPU
		{95B88154-68A8-4519-A43C-0FFD5184687F}.Core-GLFW3|Any CPU.ActiveCfg = Release|Any CPU
		{95B88154-68A8-4519-A43C-0FFD5184687F}.Core-GLFW3|Any CPU.Build.0 = Release|Any CPU
		{95B88154-68A8-4519-A43C-0FFD5184687F}.Debug|Any CPU.ActiveCfg = Debug|Any CPU
		{95B88154-68A8-4519-A43C-0FFD5184687F}.Debug|Any CPU.Build.0 = Debug|Any CPU
		{95B88154-68A8-4519-A43C-0FFD5184687F}.Release|Any CPU.ActiveCfg = Release|Any CPU
		{95B88154-68A8-4519-A43C-0FFD5184687F}.Release|Any CPU.Build.0 = Release|Any CPU
		{827DBEC3-A270-4273-B69D-194A466BD35B}.Compatibility-GLFW2|Any CPU.ActiveCfg = Release|Any CPU
		{827DBEC3-A270-4273-B69D-194A466BD35B}.Compatibility-GLFW2|Any CPU.Build.0 = Release|Any CPU
		{827DBEC3-A270-4273-B69D-194A466BD35B}.Compatibility-GLFW3|Any CPU.ActiveCfg = Release|Any CPU
		{827DBEC3-A270-4273-B69D-194A466BD35B}.Compatibility-GLFW3|Any CPU.Build.0 = Release|Any CPU
		{827DBEC3-A270-4273-B69D-194A466BD35B}.Core-GLFW2|Any CPU.ActiveCfg = Release|Any CPU
		{827DBEC3-A270-4273-B69D-194A466BD35B}.Core-GLFW2|Any CPU.Build.0 = Release|Any CPU
		{827DBEC3-A270-4273-B69D-194A466BD35B}.Core-GLFW3|Any CPU.ActiveCfg = Release|Any CPU
		{827DBEC3-A270-4273-B69D-194A466BD35B}.Core-GLFW3|Any CPU.Build.0 = Release|Any CPU
		{827DBEC3-A270-4273-B69D-194A466BD35B}.Debug|Any CPU.ActiveCfg = Debug|Any CPU
		{827DBEC3-A270-4273-B69D-194A466BD35B}.Debug|Any CPU.Build.0 = Debug|Any CPU
		{827DBEC3-A270-4273-B69D-194A466BD35B}.Release|Any CPU.ActiveCfg = Release|Any CPU
		{827DBEC3-A270-4273-B69D-194A466BD35B}.Release|Any CPU.Build.0 = Release|Any CPU
		{DDB6DB6D-E5DE-4BDB-8AC8-26DF800E9FF0}.Compatibility-GLFW2|Any CPU.ActiveCfg = Compatibility-GLFW2|Any CPU
		{DDB6DB6D-E5DE-4BDB-8AC8-26DF800E9FF0}.Compatibility-GLFW2|Any CPU.Build.0 = Compatibility-GLFW2|Any CPU
		{DDB6DB6D-E5DE-4BDB-8AC8-26DF800E9FF0}.Compatibility-GLFW3|Any CPU.ActiveCfg = Compatibility-GLFW3|Any CPU
		{DDB6DB6D-E5DE-4BDB-8AC8-26DF800E9FF0}.Compatibility-GLFW3|Any CPU.Build.0 = Compatibility-GLFW3|Any CPU
		{DDB6DB6D-E5DE-4BDB-8AC8-26DF800E9FF0}.Core-GLFW2|Any CPU.ActiveCfg = Core-GLFW2|Any CPU
		{DDB6DB6D-E5DE-4BDB-8AC8-26DF800E9FF0}.Core-GLFW2|Any CPU.Build.0 = Core-GLFW2|Any CPU
		{DDB6DB6D-E5DE-4BDB-8AC8-26DF800E9FF0}.Core-GLFW3|Any CPU.ActiveCfg = Core-GLFW3|Any CPU
		{DDB6DB6D-E5DE-4BDB-8AC8-26DF800E9FF0}.Core-GLFW3|Any CPU.Build.0 = Core-GLFW3|Any CPU
		{DDB6DB6D-E5DE-4BDB-8AC8-26DF800E9FF0}.Debug|Any CPU.ActiveCfg = Core-GLFW3|Any CPU
		{DDB6DB6D-E5DE-4BDB-8AC8-26DF800E9FF0}.Debug|Any CPU.Build.0 = Core-GLFW3|Any CPU
		{DDB6DB6D-E5DE-4BDB-8AC8-26DF800E9FF0}.Release|Any CPU.ActiveCfg = Core-GLFW3|Any CPU
		{DDB6DB6D-E5DE-4BDB-8AC8-26DF800E9FF0}.Release|Any CPU.Build.0 = Core-GLFW3|Any CPU
	EndGlobalSection
	GlobalSection(SolutionProperties) = preSolution
		HideSolutionNode = FALSE
	EndGlobalSection
	GlobalSection(ExtensibilityGlobals) = postSolution
		SolutionGuid = {D10E6C7A-801A-41F2-8477-A93F2F5D625B}
	EndGlobalSection
EndGlobal
